
Microsoft Visual Studio Solution File, Format Version 12.00
# Visual Studio Version 16
VisualStudioVersion = 16.0.29519.87
MinimumVisualStudioVersion = 10.0.40219.1
Project("{FAE04EC0-301F-11D3-BF4B-00C04F79EFBC}") = "1712482_1712509_1712528", "1712482_1712509_1712528\1712482_1712509_1712528.csproj", "{FC0C499E-A553-4357-8F7A-DA134E2AD383}"
EndProject
Global
	GlobalSection(SolutionConfigurationPlatforms) = preSolution
		Debug|Any CPU = Debug|Any CPU
		Release|Any CPU = Release|Any CPU
	EndGlobalSection
	GlobalSection(ProjectConfigurationPlatforms) = postSolution
		{FC0C499E-A553-4357-8F7A-DA134E2AD383}.Debug|Any CPU.ActiveCfg = Debug|Any CPU
		{FC0C499E-A553-4357-8F7A-DA134E2AD383}.Debug|Any CPU.Build.0 = Debug|Any CPU
		{FC0C499E-A553-4357-8F7A-DA134E2AD383}.Release|Any CPU.ActiveCfg = Release|Any CPU
		{FC0C499E-A553-4357-8F7A-DA134E2AD383}.Release|Any CPU.Build.0 = Release|Any CPU
	EndGlobalSection
	GlobalSection(SolutionProperties) = preSolution
		HideSolutionNode = FALSE
	EndGlobalSection
	GlobalSection(ExtensibilityGlobals) = postSolution
		SolutionGuid = {285F833E-647F-46A9-B38D-1FD1B0D43AA0}
	EndGlobalSection
EndGlobal
